
Microsoft Visual Studio Solution File, Format Version 12.00
# Visual Studio Version 17
VisualStudioVersion = 17.1.32228.430
MinimumVisualStudioVersion = 10.0.40219.1
Project("{FAE04EC0-301F-11D3-BF4B-00C04F79EFBC}") = "Newspaper", "Newspaper\Newspaper.csproj", "{758EDEC0-442F-4834-8CA4-BA9B6E0AFC79}"
EndProject
Global
	GlobalSection(SolutionConfigurationPlatforms) = preSolution
		Debug|Any CPU = Debug|Any CPU
		Release|Any CPU = Release|Any CPU
	EndGlobalSection
	GlobalSection(ProjectConfigurationPlatforms) = postSolution
		{758EDEC0-442F-4834-8CA4-BA9B6E0AFC79}.Debug|Any CPU.ActiveCfg = Debug|Any CPU
		{758EDEC0-442F-4834-8CA4-BA9B6E0AFC79}.Debug|Any CPU.Build.0 = Debug|Any CPU
		{758EDEC0-442F-4834-8CA4-BA9B6E0AFC79}.Release|Any CPU.ActiveCfg = Release|Any CPU
		{758EDEC0-442F-4834-8CA4-BA9B6E0AFC79}.Release|Any CPU.Build.0 = Release|Any CPU
	EndGlobalSection
	GlobalSection(SolutionProperties) = preSolution
		HideSolutionNode = FALSE
	EndGlobalSection
	GlobalSection(ExtensibilityGlobals) = postSolution
		SolutionGuid = {D57EC5E1-4650-4A45-8299-79E524DE54A6}
	EndGlobalSection
EndGlobal
